// !$*UTF8*$!
{
	archiveVersion = 1;
	classes = {
	};
	objectVersion = 50;
	objects = {

/* Begin PBXBuildFile section */
		F30AB216244D5F5D00217BDB /* app_icon.png in Resources */ = {isa = PBXBuildFile; fileRef = F30AB215244D5F5D00217BDB /* app_icon.png */; };
		F38B0BFF2432A48F00D7CF12 /* AppDelegate.swift in Sources */ = {isa = PBXBuildFile; fileRef = F38B0BFE2432A48F00D7CF12 /* AppDelegate.swift */; };
		F38B0C012432A48F00D7CF12 /* SceneDelegate.swift in Sources */ = {isa = PBXBuildFile; fileRef = F38B0C002432A48F00D7CF12 /* SceneDelegate.swift */; };
		F38B0C032432A48F00D7CF12 /* RecordAudioController.swift in Sources */ = {isa = PBXBuildFile; fileRef = F38B0C022432A48F00D7CF12 /* RecordAudioController.swift */; };
		F38B0C082432A49900D7CF12 /* Assets.xcassets in Resources */ = {isa = PBXBuildFile; fileRef = F38B0C072432A49900D7CF12 /* Assets.xcassets */; };
		F38B0C0B2432A49900D7CF12 /* LaunchScreen.storyboard in Resources */ = {isa = PBXBuildFile; fileRef = F38B0C092432A49900D7CF12 /* LaunchScreen.storyboard */; };
		F38B0C142432A76F00D7CF12 /* Extensions.swift in Sources */ = {isa = PBXBuildFile; fileRef = F38B0C122432A76F00D7CF12 /* Extensions.swift */; };
		F38B0C152432A76F00D7CF12 /* UIView+Layout.swift in Sources */ = {isa = PBXBuildFile; fileRef = F38B0C132432A76F00D7CF12 /* UIView+Layout.swift */; };
		F3CC2964243BE88400E7670A /* PlayAudioController.swift in Sources */ = {isa = PBXBuildFile; fileRef = F3CC2963243BE88400E7670A /* PlayAudioController.swift */; };
		F3CC2966243BE8C400E7670A /* PlayAudioControllerExtensions.swift in Sources */ = {isa = PBXBuildFile; fileRef = F3CC2965243BE8C400E7670A /* PlayAudioControllerExtensions.swift */; };
/* End PBXBuildFile section */

/* Begin PBXFileReference section */
		F30AB215244D5F5D00217BDB /* app_icon.png */ = {isa = PBXFileReference; lastKnownFileType = image.png; name = app_icon.png; path = Assets/app_icon.png; sourceTree = SOURCE_ROOT; };
		F38B0BFB2432A48F00D7CF12 /* Voice Recorder.app */ = {isa = PBXFileReference; explicitFileType = wrapper.application; includeInIndex = 0; path = "Voice Recorder.app"; sourceTree = BUILT_PRODUCTS_DIR; };
		F38B0BFE2432A48F00D7CF12 /* AppDelegate.swift */ = {isa = PBXFileReference; lastKnownFileType = sourcecode.swift; path = AppDelegate.swift; sourceTree = "<group>"; };
		F38B0C002432A48F00D7CF12 /* SceneDelegate.swift */ = {isa = PBXFileReference; lastKnownFileType = sourcecode.swift; path = SceneDelegate.swift; sourceTree = "<group>"; };
		F38B0C022432A48F00D7CF12 /* RecordAudioController.swift */ = {isa = PBXFileReference; lastKnownFileType = sourcecode.swift; path = RecordAudioController.swift; sourceTree = "<group>"; };
		F38B0C072432A49900D7CF12 /* Assets.xcassets */ = {isa = PBXFileReference; lastKnownFileType = folder.assetcatalog; path = Assets.xcassets; sourceTree = "<group>"; };
		F38B0C0A2432A49900D7CF12 /* Base */ = {isa = PBXFileReference; lastKnownFileType = file.storyboard; name = Base; path = Base.lproj/LaunchScreen.storyboard; sourceTree = "<group>"; };
		F38B0C0C2432A49900D7CF12 /* Info.plist */ = {isa = PBXFileReference; lastKnownFileType = text.plist.xml; path = Info.plist; sourceTree = "<group>"; };
		F38B0C122432A76F00D7CF12 /* Extensions.swift */ = {isa = PBXFileReference; fileEncoding = 4; lastKnownFileType = sourcecode.swift; path = Extensions.swift; sourceTree = "<group>"; };
		F38B0C132432A76F00D7CF12 /* UIView+Layout.swift */ = {isa = PBXFileReference; fileEncoding = 4; lastKnownFileType = sourcecode.swift; path = "UIView+Layout.swift"; sourceTree = "<group>"; };
		F3CC2963243BE88400E7670A /* PlayAudioController.swift */ = {isa = PBXFileReference; lastKnownFileType = sourcecode.swift; path = PlayAudioController.swift; sourceTree = "<group>"; };
		F3CC2965243BE8C400E7670A /* PlayAudioControllerExtensions.swift */ = {isa = PBXFileReference; lastKnownFileType = sourcecode.swift; path = PlayAudioControllerExtensions.swift; sourceTree = "<group>"; };
/* End PBXFileReference section */

/* Begin PBXFrameworksBuildPhase section */
		F38B0BF82432A48F00D7CF12 /* Frameworks */ = {
			isa = PBXFrameworksBuildPhase;
			buildActionMask = 2147483647;
			files = (
			);
			runOnlyForDeploymentPostprocessing = 0;
		};
/* End PBXFrameworksBuildPhase section */

/* Begin PBXGroup section */
		F38B0BF22432A48F00D7CF12 = {
			isa = PBXGroup;
			children = (
				F38B0BFD2432A48F00D7CF12 /* Voice Recorder */,
				F38B0BFC2432A48F00D7CF12 /* Products */,
			);
			sourceTree = "<group>";
		};
		F38B0BFC2432A48F00D7CF12 /* Products */ = {
			isa = PBXGroup;
			children = (
				F38B0BFB2432A48F00D7CF12 /* Voice Recorder.app */,
			);
			name = Products;
			sourceTree = "<group>";
		};
		F38B0BFD2432A48F00D7CF12 /* Voice Recorder */ = {
			isa = PBXGroup;
			children = (
				F30AB215244D5F5D00217BDB /* app_icon.png */,
				F38B0BFE2432A48F00D7CF12 /* AppDelegate.swift */,
				F38B0C002432A48F00D7CF12 /* SceneDelegate.swift */,
				F38B0C122432A76F00D7CF12 /* Extensions.swift */,
				F38B0C132432A76F00D7CF12 /* UIView+Layout.swift */,
				F38B0C022432A48F00D7CF12 /* RecordAudioController.swift */,
				F3CC2963243BE88400E7670A /* PlayAudioController.swift */,
				F3CC2965243BE8C400E7670A /* PlayAudioControllerExtensions.swift */,
				F38B0C072432A49900D7CF12 /* Assets.xcassets */,
				F38B0C092432A49900D7CF12 /* LaunchScreen.storyboard */,
				F38B0C0C2432A49900D7CF12 /* Info.plist */,
			);
			path = "Voice Recorder";
			sourceTree = "<group>";
		};
/* End PBXGroup section */

/* Begin PBXNativeTarget section */
		F38B0BFA2432A48F00D7CF12 /* Voice Recorder */ = {
			isa = PBXNativeTarget;
			buildConfigurationList = F38B0C0F2432A49900D7CF12 /* Build configuration list for PBXNativeTarget "Voice Recorder" */;
			buildPhases = (
				F38B0BF72432A48F00D7CF12 /* Sources */,
				F38B0BF82432A48F00D7CF12 /* Frameworks */,
				F38B0BF92432A48F00D7CF12 /* Resources */,
			);
			buildRules = (
			);
			dependencies = (
			);
			name = "Voice Recorder";
			productName = "Voice Recorder";
			productReference = F38B0BFB2432A48F00D7CF12 /* Voice Recorder.app */;
			productType = "com.apple.product-type.application";
		};
/* End PBXNativeTarget section */

/* Begin PBXProject section */
		F38B0BF32432A48F00D7CF12 /* Project object */ = {
			isa = PBXProject;
			attributes = {
				LastSwiftUpdateCheck = 1140;
				LastUpgradeCheck = 1140;
				ORGANIZATIONNAME = "Zackary O'Connor";
				TargetAttributes = {
					F38B0BFA2432A48F00D7CF12 = {
						CreatedOnToolsVersion = 11.4;
					};
				};
			};
			buildConfigurationList = F38B0BF62432A48F00D7CF12 /* Build configuration list for PBXProject "Voice Recorder" */;
			compatibilityVersion = "Xcode 9.3";
			developmentRegion = en;
			hasScannedForEncodings = 0;
			knownRegions = (
				en,
				Base,
			);
			mainGroup = F38B0BF22432A48F00D7CF12;
			productRefGroup = F38B0BFC2432A48F00D7CF12 /* Products */;
			projectDirPath = "";
			projectRoot = "";
			targets = (
				F38B0BFA2432A48F00D7CF12 /* Voice Recorder */,
			);
		};
/* End PBXProject section */

/* Begin PBXResourcesBuildPhase section */
		F38B0BF92432A48F00D7CF12 /* Resources */ = {
			isa = PBXResourcesBuildPhase;
			buildActionMask = 2147483647;
			files = (
				F30AB216244D5F5D00217BDB /* app_icon.png in Resources */,
				F38B0C0B2432A49900D7CF12 /* LaunchScreen.storyboard in Resources */,
				F38B0C082432A49900D7CF12 /* Assets.xcassets in Resources */,
			);
			runOnlyForDeploymentPostprocessing = 0;
		};
/* End PBXResourcesBuildPhase section */

/* Begin PBXSourcesBuildPhase section */
		F38B0BF72432A48F00D7CF12 /* Sources */ = {
			isa = PBXSourcesBuildPhase;
			buildActionMask = 2147483647;
			files = (
				F38B0C032432A48F00D7CF12 /* RecordAudioController.swift in Sources */,
				F38B0BFF2432A48F00D7CF12 /* AppDelegate.swift in Sources */,
				F3CC2964243BE88400E7670A /* PlayAudioController.swift in Sources */,
				F38B0C012432A48F00D7CF12 /* SceneDelegate.swift in Sources */,
				F3CC2966243BE8C400E7670A /* PlayAudioControllerExtensions.swift in Sources */,
				F38B0C142432A76F00D7CF12 /* Extensions.swift in Sources */,
				F38B0C152432A76F00D7CF12 /* UIView+Layout.swift in Sources */,
			);
			runOnlyForDeploymentPostprocessing = 0;
		};
/* End PBXSourcesBuildPhase section */

/* Begin PBXVariantGroup section */
		F38B0C092432A49900D7CF12 /* LaunchScreen.storyboard */ = {
			isa = PBXVariantGroup;
			children = (
				F38B0C0A2432A49900D7CF12 /* Base */,
			);
			name = LaunchScreen.storyboard;
			sourceTree = "<group>";
		};
/* End PBXVariantGroup section */

/* Begin XCBuildConfiguration section */
		F38B0C0D2432A49900D7CF12 /* Debug */ = {
			isa = XCBuildConfiguration;
			buildSettings = {
				ALWAYS_SEARCH_USER_PATHS = NO;
				CLANG_ANALYZER_NONNULL = YES;
				CLANG_ANALYZER_NUMBER_OBJECT_CONVERSION = YES_AGGRESSIVE;
				CLANG_CXX_LANGUAGE_STANDARD = "gnu++14";
				CLANG_CXX_LIBRARY = "libc++";
				CLANG_ENABLE_MODULES = YES;
				CLANG_ENABLE_OBJC_ARC = YES;
				CLANG_ENABLE_OBJC_WEAK = YES;
				CLANG_WARN_BLOCK_CAPTURE_AUTORELEASING = YES;
				CLANG_WARN_BOOL_CONVERSION = YES;
				CLANG_WARN_COMMA = YES;
				CLANG_WARN_CONSTANT_CONVERSION = YES;
				CLANG_WARN_DEPRECATED_OBJC_IMPLEMENTATIONS = YES;
				CLANG_WARN_DIRECT_OBJC_ISA_USAGE = YES_ERROR;
				CLANG_WARN_DOCUMENTATION_COMMENTS = YES;
				CLANG_WARN_EMPTY_BODY = YES;
				CLANG_WARN_ENUM_CONVERSION = YES;
				CLANG_WARN_INFINITE_RECURSION = YES;
				CLANG_WARN_INT_CONVERSION = YES;
				CLANG_WARN_NON_LITERAL_NULL_CONVERSION = YES;
				CLANG_WARN_OBJC_IMPLICIT_RETAIN_SELF = YES;
				CLANG_WARN_OBJC_LITERAL_CONVERSION = YES;
				CLANG_WARN_OBJC_ROOT_CLASS = YES_ERROR;
				CLANG_WARN_RANGE_LOOP_ANALYSIS = YES;
				CLANG_WARN_STRICT_PROTOTYPES = YES;
				CLANG_WARN_SUSPICIOUS_MOVE = YES;
				CLANG_WARN_UNGUARDED_AVAILABILITY = YES_AGGRESSIVE;
				CLANG_WARN_UNREACHABLE_CODE = YES;
				CLANG_WARN__DUPLICATE_METHOD_MATCH = YES;
				COPY_PHASE_STRIP = NO;
				DEBUG_INFORMATION_FORMAT = dwarf;
				ENABLE_STRICT_OBJC_MSGSEND = YES;
				ENABLE_TESTABILITY = YES;
				GCC_C_LANGUAGE_STANDARD = gnu11;
				GCC_DYNAMIC_NO_PIC = NO;
				GCC_NO_COMMON_BLOCKS = YES;
				GCC_OPTIMIZATION_LEVEL = 0;
				GCC_PREPROCESSOR_DEFINITIONS = (
					"DEBUG=1",
					"$(inherited)",
				);
				GCC_WARN_64_TO_32_BIT_CONVERSION = YES;
				GCC_WARN_ABOUT_RETURN_TYPE = YES_ERROR;
				GCC_WARN_UNDECLARED_SELECTOR = YES;
				GCC_WARN_UNINITIALIZED_AUTOS = YES_AGGRESSIVE;
				GCC_WARN_UNUSED_FUNCTION = YES;
				GCC_WARN_UNUSED_VARIABLE = YES;
				IPHONEOS_DEPLOYMENT_TARGET = 13.4;
				MTL_ENABLE_DEBUG_INFO = INCLUDE_SOURCE;
				MTL_FAST_MATH = YES;
				ONLY_ACTIVE_ARCH = YES;
				SDKROOT = iphoneos;
				SWIFT_ACTIVE_COMPILATION_CONDITIONS = DEBUG;
				SWIFT_OPTIMIZATION_LEVEL = "-Onone";
			};
			name = Debug;
		};
		F38B0C0E2432A49900D7CF12 /* Release */ = {
			isa = XCBuildConfiguration;
			buildSettings = {
				ALWAYS_SEARCH_USER_PATHS = NO;
				CLANG_ANALYZER_NONNULL = YES;
				CLANG_ANALYZER_NUMBER_OBJECT_CONVERSION = YES_AGGRESSIVE;
				CLANG_CXX_LANGUAGE_STANDARD = "gnu++14";
				CLANG_CXX_LIBRARY = "libc++";
				CLANG_ENABLE_MODULES = YES;
				CLANG_ENABLE_OBJC_ARC = YES;
				CLANG_ENABLE_OBJC_WEAK = YES;
				CLANG_WARN_BLOCK_CAPTURE_AUTORELEASING = YES;
				CLANG_WARN_BOOL_CONVERSION = YES;
				CLANG_WARN_COMMA = YES;
				CLANG_WARN_CONSTANT_CONVERSION = YES;
				CLANG_WARN_DEPRECATED_OBJC_IMPLEMENTATIONS = YES;
				CLANG_WARN_DIRECT_OBJC_ISA_USAGE = YES_ERROR;
				CLANG_WARN_DOCUMENTATION_COMMENTS = YES;
				CLANG_WARN_EMPTY_BODY = YES;
				CLANG_WARN_ENUM_CONVERSION = YES;
				CLANG_WARN_INFINITE_RECURSION = YES;
				CLANG_WARN_INT_CONVERSION = YES;
				CLANG_WARN_NON_LITERAL_NULL_CONVERSION = YES;
				CLANG_WARN_OBJC_IMPLICIT_RETAIN_SELF = YES;
				CLANG_WARN_OBJC_LITERAL_CONVERSION = YES;
				CLANG_WARN_OBJC_ROOT_CLASS = YES_ERROR;
				CLANG_WARN_RANGE_LOOP_ANALYSIS = YES;
				CLANG_WARN_STRICT_PROTOTYPES = YES;
				CLANG_WARN_SUSPICIOUS_MOVE = YES;
				CLANG_WARN_UNGUARDED_AVAILABILITY = YES_AGGRESSIVE;
				CLANG_WARN_UNREACHABLE_CODE = YES;
				CLANG_WARN__DUPLICATE_METHOD_MATCH = YES;
				COPY_PHASE_STRIP = NO;
				DEBUG_INFORMATION_FORMAT = "dwarf-with-dsym";
				ENABLE_NS_ASSERTIONS = NO;
				ENABLE_STRICT_OBJC_MSGSEND = YES;
				GCC_C_LANGUAGE_STANDARD = gnu11;
				GCC_NO_COMMON_BLOCKS = YES;
				GCC_WARN_64_TO_32_BIT_CONVERSION = YES;
				GCC_WARN_ABOUT_RETURN_TYPE = YES_ERROR;
				GCC_WARN_UNDECLARED_SELECTOR = YES;
				GCC_WARN_UNINITIALIZED_AUTOS = YES_AGGRESSIVE;
				GCC_WARN_UNUSED_FUNCTION = YES;
				GCC_WARN_UNUSED_VARIABLE = YES;
				IPHONEOS_DEPLOYMENT_TARGET = 13.4;
				MTL_ENABLE_DEBUG_INFO = NO;
				MTL_FAST_MATH = YES;
				SDKROOT = iphoneos;
				SWIFT_COMPILATION_MODE = wholemodule;
				SWIFT_OPTIMIZATION_LEVEL = "-O";
				VALIDATE_PRODUCT = YES;
			};
			name = Release;
		};
		F38B0C102432A49900D7CF12 /* Debug */ = {
			isa = XCBuildConfiguration;
			buildSettings = {
				ASSETCATALOG_COMPILER_APPICON_NAME = AppIcon;
				CODE_SIGN_STYLE = Automatic;
				DEVELOPMENT_TEAM = ZZE62SD4Y5;
				INFOPLIST_FILE = "Voice Recorder/Info.plist";
				LD_RUNPATH_SEARCH_PATHS = (
					"$(inherited)",
					"@executable_path/Frameworks",
				);
				PRODUCT_BUNDLE_IDENTIFIER = "zackaryoconnor.Voice-Recorder";
				PRODUCT_NAME = "$(TARGET_NAME)";
				SWIFT_VERSION = 5.0;
				TARGETED_DEVICE_FAMILY = "1,2";
			};
			name = Debug;
		};
		F38B0C112432A49900D7CF12 /* Release */ = {
			isa = XCBuildConfiguration;
			buildSettings = {
				ASSETCATALOG_COMPILER_APPICON_NAME = AppIcon;
				CODE_SIGN_STYLE = Automatic;
				DEVELOPMENT_TEAM = ZZE62SD4Y5;
				INFOPLIST_FILE = "Voice Recorder/Info.plist";
				LD_RUNPATH_SEARCH_PATHS = (
					"$(inherited)",
					"@executable_path/Frameworks",
				);
				PRODUCT_BUNDLE_IDENTIFIER = "zackaryoconnor.Voice-Recorder";
				PRODUCT_NAME = "$(TARGET_NAME)";
				SWIFT_VERSION = 5.0;
				TARGETED_DEVICE_FAMILY = "1,2";
			};
			name = Release;
		};
/* End XCBuildConfiguration section */

/* Begin XCConfigurationList section */
		F38B0BF62432A48F00D7CF12 /* Build configuration list for PBXProject "Voice Recorder" */ = {
			isa = XCConfigurationList;
			buildConfigurations = (
				F38B0C0D2432A49900D7CF12 /* Debug */,
				F38B0C0E2432A49900D7CF12 /* Release */,
			);
			defaultConfigurationIsVisible = 0;
			defaultConfigurationName = Release;
		};
		F38B0C0F2432A49900D7CF12 /* Build configuration list for PBXNativeTarget "Voice Recorder" */ = {
			isa = XCConfigurationList;
			buildConfigurations = (
				F38B0C102432A49900D7CF12 /* Debug */,
				F38B0C112432A49900D7CF12 /* Release */,
			);
			defaultConfigurationIsVisible = 0;
			defaultConfigurationName = Release;
		};
/* End XCConfigurationList section */
	};
	rootObject = F38B0BF32432A48F00D7CF12 /* Project object */;
}
